
Microsoft Visual Studio Solution File, Format Version 12.00
# Visual Studio Version 17
VisualStudioVersion = 17.11.35312.102
MinimumVisualStudioVersion = 10.0.40219.1
Project("{FAE04EC0-301F-11D3-BF4B-00C04F79EFBC}") = "BlazorApp5-data", "BlazorApp5-data.csproj", "{D3B7BD2B-EA6B-45D6-843D-EAAC6E08DD1C}"
EndProject
Global
	GlobalSection(SolutionConfigurationPlatforms) = preSolution
		Debug|Any CPU = Debug|Any CPU
		Release|Any CPU = Release|Any CPU
	EndGlobalSection
	GlobalSection(ProjectConfigurationPlatforms) = postSolution
		{D3B7BD2B-EA6B-45D6-843D-EAAC6E08DD1C}.Debug|Any CPU.ActiveCfg = Debug|Any CPU
		{D3B7BD2B-EA6B-45D6-843D-EAAC6E08DD1C}.Debug|Any CPU.Build.0 = Debug|Any CPU
		{D3B7BD2B-EA6B-45D6-843D-EAAC6E08DD1C}.Release|Any CPU.ActiveCfg = Release|Any CPU
		{D3B7BD2B-EA6B-45D6-843D-EAAC6E08DD1C}.Release|Any CPU.Build.0 = Release|Any CPU
	EndGlobalSection
	GlobalSection(SolutionProperties) = preSolution
		HideSolutionNode = FALSE
	EndGlobalSection
	GlobalSection(ExtensibilityGlobals) = postSolution
		SolutionGuid = {9F7B3DF2-E624-45C7-8C08-3DD63A0BF6FA}
	EndGlobalSection
EndGlobal
